{
  "name": "indigo-food-mockups",
  "lockfileVersion": 3,
  "requires": true,
  "packages": {
    "": {
      "name": "indigo-food-mockups",
      "dependencies": {
        "@fontsource/abril-fatface": "^5.3.0",
        "@fontsource/alfa-slab-one": "^5.3.0",
        "@fontsource/anton": "^5.3.0",
        "@fontsource/archivo": "^5.3.0",
        "@fontsource/archivo-black": "^5.3.0",
        "@fontsource/baloo-2": "^5.3.0",
        "@fontsource/bebas-neue": "^5.3.0",
        "@fontsource/bevan": "^5.3.0",
        "@fontsource/caveat-brush": "^5.3.0",
        "@fontsource/comfortaa": "^5.3.0",
        "@fontsource/courier-prime": "^5.3.0",
        "@fontsource/fredoka": "^5.3.0",
        "@fontsource/inter": "^5.3.0",
        "@fontsource/kalam": "^5.3.0",
        "@fontsource/libre-baskerville": "^5.3.0",
        "@fontsource/lobster": "^5.3.0",
        "@fontsource/mukta": "^5.3.0",
        "@fontsource/noto-sans-devanagari": "^5.3.0",
        "@fontsource/noto-sans-tamil": "^5.3.0",
        "@fontsource/noto-serif-devanagari": "^5.3.0",
        "@fontsource/noto-serif-tamil": "^5.3.0",
        "@fontsource/nunito": "^5.3.0",
        "@fontsource/old-standard-tt": "^5.3.0",
        "@fontsource/oswald": "^5.3.0",
        "@fontsource/pacifico": "^5.3.0",
        "@fontsource/permanent-marker": "^5.3.0",
        "@fontsource/playfair-display": "^5.3.0",
        "@fontsource/quicksand": "^5.3.0",
        "@fontsource/roboto-slab": "^5.3.0",
        "@fontsource/rye": "^5.3.0",
        "@fontsource/special-elite": "^5.3.0",
        "@fontsource/tiro-devanagari-hindi": "^5.3.0",
        "@fontsource/varela-round": "^5.3.0",
        "@fontsource/yatra-one": "^5.3.0",
        "@fontsource/zilla-slab": "^5.3.0"
      },
      "devDependencies": {
        "@playwright/test": "1.56.1"
      }
    },
    "node_modules/@fontsource/abril-fatface": {
      "version": "5.3.0",
      "resolved": "https://registry.npmjs.org/@fontsource/abril-fatface/-/abril-fatface-5.3.0.tgz",
      "integrity": "sha512-voKCJEhGGZNdlk+OS3uFRSDV/HWbs6TAy7qKe9wXq96Uzwadfksyk5eyXLa1T5FkEazBgpHRMRSFBKfA3rbKbg==",
      "license": "OFL-1.1",
      "funding": {
        "url": "https://github.com/sponsors/ayuhito"
      }
    },
    "node_modules/@fontsource/alfa-slab-one": {
      "version": "5.3.0",
      "resolved": "https://registry.npmjs.org/@fontsource/alfa-slab-one/-/alfa-slab-one-5.3.0.tgz",
      "integrity": "sha512-J/ANFZ7S9CbZClr/QhMjmBtpFmmKipVkEXHj20aurR5uqJPCBChVPJn1/kx6vtrwnfnDY0kQaYSTYasSt4GruA==",
      "license": "OFL-1.1",
      "funding": {
        "url": "https://github.com/sponsors/ayuhito"
      }
    },
    "node_modules/@fontsource/anton": {
      "version": "5.3.0",
      "resolved": "https://registry.npmjs.org/@fontsource/anton/-/anton-5.3.0.tgz",
      "integrity": "sha512-OR1D5n124n2XRs66SbX7IjcOSptljEJE8FcDNnlni2y1/M6KpTx7cU2PIWzTSsBj4WFkHPw24On8qw3qkQZuTw==",
      "license": "OFL-1.1",
      "funding": {
        "url": "https://github.com/sponsors/ayuhito"
      }
    },
    "node_modules/@fontsource/archivo": {
      "version": "5.3.0",
      "resolved": "https://registry.npmjs.org/@fontsource/archivo/-/archivo-5.3.0.tgz",
      "integrity": "sha512-5DIMgPVJRi62OqdOVoogCFxP73EkNM/E0YVTSDIQlDEJfDbxqZduwM/YoNZwC9Sx1CDgpKinqf8ckRY1QNIecw==",
      "license": "OFL-1.1",
      "funding": {
        "url": "https://github.com/sponsors/ayuhito"
      }
    },
    "node_modules/@fontsource/archivo-black": {
      "version": "5.3.0",
      "resolved": "https://registry.npmjs.org/@fontsource/archivo-black/-/archivo-black-5.3.0.tgz",
      "integrity": "sha512-7EsTIQ+Blf96ktpzTUpI7msi+u9/AJxM/GZxOSkEubVd1jSTrFSTNxMgfpX/8rQsjZ+19a+qvRbtcTEp5J/72g==",
      "license": "OFL-1.1",
      "funding": {
        "url": "https://github.com/sponsors/ayuhito"
      }
    },
    "node_modules/@fontsource/baloo-2": {
      "version": "5.3.0",
      "resolved": "https://registry.npmjs.org/@fontsource/baloo-2/-/baloo-2-5.3.0.tgz",
      "integrity": "sha512-CBuxZ27jvMmD5+KaaPkMWv/yjdRNppVAd5/002yAyvyQyLNL3aZCbkx6gbAT/bjxPd1A0VMdDQjfcELI8chccQ==",
      "license": "OFL-1.1",
      "funding": {
        "url": "https://github.com/sponsors/ayuhito"
      }
    },
    "node_modules/@fontsource/bebas-neue": {
      "version": "5.3.0",
      "resolved": "https://registry.npmjs.org/@fontsource/bebas-neue/-/bebas-neue-5.3.0.tgz",
      "integrity": "sha512-nCxMEb9Bg9sjNWm9TIOsvHKDMLRUfEZPWpLgYu6m9KavZZVSA/WoHzI5wROwqA+eNwEi/PNBAcB5Co7HA3S0Cw==",
      "license": "OFL-1.1",
      "funding": {
        "url": "https://github.com/sponsors/ayuhito"
      }
    },
    "node_modules/@fontsource/bevan": {
      "version": "5.3.0",
      "resolved": "https://registry.npmjs.org/@fontsource/bevan/-/bevan-5.3.0.tgz",
      "integrity": "sha512-wVMq+A0JIDjdGhQxPjR22JcinYQ9QyehaeMPxy0zvAWozaBM+FpVAlQ4Ip7RvaKHrtNnky0rQq1wrn1pSOXSww==",
      "license": "OFL-1.1",
      "funding": {
        "url": "https://github.com/sponsors/ayuhito"
      }
    },
    "node_modules/@fontsource/caveat-brush": {
      "version": "5.3.0",
      "resolved": "https://registry.npmjs.org/@fontsource/caveat-brush/-/caveat-brush-5.3.0.tgz",
      "integrity": "sha512-BHSP/9EKNUtnSj7h4TXuYKOrQWgnkCGm7QMHYiie0xSxtlWKbND6wLkhAgwUtUpbz5k8XL8CWPRrL6tDV+JC8w==",
      "license": "OFL-1.1",
      "funding": {
        "url": "https://github.com/sponsors/ayuhito"
      }
    },
    "node_modules/@fontsource/comfortaa": {
      "version": "5.3.0",
      "resolved": "https://registry.npmjs.org/@fontsource/comfortaa/-/comfortaa-5.3.0.tgz",
      "integrity": "sha512-ab4DERH0q6ko8QCpEZzOV9ebK39LgQ2oM91AkLNqu0VIxxwT0nV2D3sOuI7iLirWWq4IMooaIN6/2llxrDN2JA==",
      "license": "OFL-1.1",
      "funding": {
        "url": "https://github.com/sponsors/ayuhito"
      }
    },
    "node_modules/@fontsource/courier-prime": {
      "version": "5.3.0",
      "resolved": "https://registry.npmjs.org/@fontsource/courier-prime/-/courier-prime-5.3.0.tgz",
      "integrity": "sha512-KIi1k4VG1Wv+/CGpb1AUpLkUuOAQA6zmvthqxOZGN0AV8BEgQgbK7qAtquv14zsBJAY1bb5BHIEbWVFLgENh0w==",
      "license": "OFL-1.1",
      "funding": {
        "url": "https://github.com/sponsors/ayuhito"
      }
    },
    "node_modules/@fontsource/fredoka": {
      "version": "5.3.0",
      "resolved": "https://registry.npmjs.org/@fontsource/fredoka/-/fredoka-5.3.0.tgz",
      "integrity": "sha512-s2IhjQ50wDnKkkaKmjhtL0rxQg6ITsVusiipM3m7zUwVZZbbCKsscNDkngwp28xVzfIt7neWrkgU1qKqyTycQg==",
      "license": "OFL-1.1",
      "funding": {
        "url": "https://github.com/sponsors/ayuhito"
      }
    },
    "node_modules/@fontsource/inter": {
      "version": "5.3.0",
      "resolved": "https://registry.npmjs.org/@fontsource/inter/-/inter-5.3.0.tgz",
      "integrity": "sha512-RofMylZmjlJEfELXeNHFWBRcSs75rGU/6bV2S2jfnvv/3rPXPGe0LgUJTklcHZ9lM4OZmAVFhcJPnACfb91A3g==",
      "license": "OFL-1.1",
      "funding": {
        "url": "https://github.com/sponsors/ayuhito"
      }
    },
    "node_modules/@fontsource/kalam": {
      "version": "5.3.0",
      "resolved": "https://registry.npmjs.org/@fontsource/kalam/-/kalam-5.3.0.tgz",
      "integrity": "sha512-FDkVoDfPDCSN/eO81FOYtUI67eMgpVBJmjBtAqSL0PmEhJyeFY2biC+CR+yEttksgXR9+swpFdYmQTyjwBq80Q==",
      "license": "OFL-1.1",
      "funding": {
        "url": "https://github.com/sponsors/ayuhito"
      }
    },
    "node_modules/@fontsource/libre-baskerville": {
      "version": "5.3.0",
      "resolved": "https://registry.npmjs.org/@fontsource/libre-baskerville/-/libre-baskerville-5.3.0.tgz",
      "integrity": "sha512-IA6OLq36/JWMX70Fha15sri2qWsijFh7hgdDXCRZHjKUHtWarLQoiGilvm7iMqm7HiYFEv9acF3+IuRHO9kUiA==",
      "license": "OFL-1.1",
      "funding": {
        "url": "https://github.com/sponsors/ayuhito"
      }
    },
    "node_modules/@fontsource/lobster": {
      "version": "5.3.0",
      "resolved": "https://registry.npmjs.org/@fontsource/lobster/-/lobster-5.3.0.tgz",
      "integrity": "sha512-jt+RDk/8Sstl1Omhox62gTbvRSLbh06kn5BNfDFgf4rNuDPHF+19eWYFxzq5FsdkalbRJNtc5p5C3qE0+leNVg==",
      "license": "OFL-1.1",
      "funding": {
        "url": "https://github.com/sponsors/ayuhito"
      }
    },
    "node_modules/@fontsource/mukta": {
      "version": "5.3.0",
      "resolved": "https://registry.npmjs.org/@fontsource/mukta/-/mukta-5.3.0.tgz",
      "integrity": "sha512-BIM9rx9SmHOcVR8cmOba9LnaFwhfiaFcclwgKV9rH4DIdCmD/tBBhtY02GGukuayxSbqfZ6pXzSO88IigTewDw==",
      "license": "OFL-1.1",
      "funding": {
        "url": "https://github.com/sponsors/ayuhito"
      }
    },
    "node_modules/@fontsource/noto-sans-devanagari": {
      "version": "5.3.0",
      "resolved": "https://registry.npmjs.org/@fontsource/noto-sans-devanagari/-/noto-sans-devanagari-5.3.0.tgz",
      "integrity": "sha512-7khYmipS/5KAUUmrO1DKir8yL8XI00d0+ZE9BqbS8XF1jzObv6CpPOk3UeYxF+Pvi8bx9bBvprBCOcbx/eQWTQ==",
      "license": "OFL-1.1",
      "funding": {
        "url": "https://github.com/sponsors/ayuhito"
      }
    },
    "node_modules/@fontsource/noto-sans-tamil": {
      "version": "5.3.0",
      "resolved": "https://registry.npmjs.org/@fontsource/noto-sans-tamil/-/noto-sans-tamil-5.3.0.tgz",
      "integrity": "sha512-webid7fyBljiIEJ1hXuey48vCUe2Oq3/EwYjo6XBtXItO9FoUmqy0bEnXA5iE++iC324BTI8QMy80SYtDheCzA==",
      "license": "OFL-1.1",
      "funding": {
        "url": "https://github.com/sponsors/ayuhito"
      }
    },
    "node_modules/@fontsource/noto-serif-devanagari": {
      "version": "5.3.0",
      "resolved": "https://registry.npmjs.org/@fontsource/noto-serif-devanagari/-/noto-serif-devanagari-5.3.0.tgz",
      "integrity": "sha512-POketgM+TcAbtQCpl5GUmlCVvV7zGnFmLlQTIVxp0ePZkKTJ1UhpeyscIpgljOzHjrVzXPj7x1lSXl2W/wI3Gg==",
      "license": "OFL-1.1",
      "funding": {
        "url": "https://github.com/sponsors/ayuhito"
      }
    },
    "node_modules/@fontsource/noto-serif-tamil": {
      "version": "5.3.0",
      "resolved": "https://registry.npmjs.org/@fontsource/noto-serif-tamil/-/noto-serif-tamil-5.3.0.tgz",
      "integrity": "sha512-Ksc/mqtACXTPzFQac1DF4xi4Cu4YhMYGQavu/DJX/wNxCIoCD/YUtYlK2tFDGs/uvKa8YbPXvGbIZP/j3C+7pQ==",
      "license": "OFL-1.1",
      "funding": {
        "url": "https://github.com/sponsors/ayuhito"
      }
    },
    "node_modules/@fontsource/nunito": {
      "version": "5.3.0",
      "resolved": "https://registry.npmjs.org/@fontsource/nunito/-/nunito-5.3.0.tgz",
      "integrity": "sha512-vw9TaTQJ/zpEpKrsODuPmOvaVjXgdda6B+xXA4YqjrdeJ62MLgVoDerdRXFQHyBnSCt2yQ2nHKCHPP/Pv7Xq4Q==",
      "license": "OFL-1.1",
      "funding": {
        "url": "https://github.com/sponsors/ayuhito"
      }
    },
    "node_modules/@fontsource/old-standard-tt": {
      "version": "5.3.0",
      "resolved": "https://registry.npmjs.org/@fontsource/old-standard-tt/-/old-standard-tt-5.3.0.tgz",
      "integrity": "sha512-9cXU8XWqw4Pz9/9Lf6Otf1GPc0y17d96/nP9tzs4PLlq1IFMIxXszL3OLldaoyAn5YGr1r+tIXr0rlbgIeCYrg==",
      "license": "OFL-1.1",
      "funding": {
        "url": "https://github.com/sponsors/ayuhito"
      }
    },
    "node_modules/@fontsource/oswald": {
      "version": "5.3.0",
      "resolved": "https://registry.npmjs.org/@fontsource/oswald/-/oswald-5.3.0.tgz",
      "integrity": "sha512-16r2aHActe0pH+9FLdk/74/YxXM7HpGak05kAzx3RvSToiJwGvyhv6GvckPz+YuZmvL1nxWbEop2jAXRcXYPRg==",
      "license": "OFL-1.1",
      "funding": {
        "url": "https://github.com/sponsors/ayuhito"
      }
    },
    "node_modules/@fontsource/pacifico": {
      "version": "5.3.0",
      "resolved": "https://registry.npmjs.org/@fontsource/pacifico/-/pacifico-5.3.0.tgz",
      "integrity": "sha512-bWv0fHR1n36p7scRn+maaEaVeQCOq9yvfVfjyAeUzKrK4Y/3qiRAEj4hJgfxj/sjgZZGkeHyKPrbWdDaZtpCVw==",
      "license": "OFL-1.1",
      "funding": {
        "url": "https://github.com/sponsors/ayuhito"
      }
    },
    "node_modules/@fontsource/permanent-marker": {
      "version": "5.3.0",
      "resolved": "https://registry.npmjs.org/@fontsource/permanent-marker/-/permanent-marker-5.3.0.tgz",
      "integrity": "sha512-ZO/NtYW4SCc/iY8N3dmjWyDITcXJ/vhWZFgnwRcvzwCKKnScMrM/a2/6VHlsjCVuIgmPzNrCFbedEYhv+/jJBg==",
      "license": "Apache-2.0",
      "funding": {
        "url": "https://github.com/sponsors/ayuhito"
      }
    },
    "node_modules/@fontsource/playfair-display": {
      "version": "5.3.0",
      "resolved": "https://registry.npmjs.org/@fontsource/playfair-display/-/playfair-display-5.3.0.tgz",
      "integrity": "sha512-uJSABalvdWc10fEPppQjQocamT21LEyRfzzWfRfqbkPz+sRv+kKpYDKyluBUskvJREkJTos9epj1WjQROGu99Q==",
      "license": "OFL-1.1",
      "funding": {
        "url": "https://github.com/sponsors/ayuhito"
      }
    },
    "node_modules/@fontsource/quicksand": {
      "version": "5.3.0",
      "resolved": "https://registry.npmjs.org/@fontsource/quicksand/-/quicksand-5.3.0.tgz",
      "integrity": "sha512-epmMUyXI39f88bZSCyKlHTZqUWg4O7DqrTXOKqsqbVKMLshX9RtIYCUIw+G2nOfEwdIHIjYbeWdwHRcEzRXBRQ==",
      "license": "OFL-1.1",
      "funding": {
        "url": "https://github.com/sponsors/ayuhito"
      }
    },
    "node_modules/@fontsource/roboto-slab": {
      "version": "5.3.0",
      "resolved": "https://registry.npmjs.org/@fontsource/roboto-slab/-/roboto-slab-5.3.0.tgz",
      "integrity": "sha512-nrl4sOt5OIoMV3VecGVOnNAADU/8vz6+CLtLr4cCAf106hVtSLCTObPN8Z2KdZ03U01UDvgIp3hsu2TX3jen6w==",
      "license": "Apache-2.0",
      "funding": {
        "url": "https://github.com/sponsors/ayuhito"
      }
    },
    "node_modules/@fontsource/rye": {
      "version": "5.3.0",
      "resolved": "https://registry.npmjs.org/@fontsource/rye/-/rye-5.3.0.tgz",
      "integrity": "sha512-nKMwMa2/y8LMfhxs7Wm6FnbwXLKsBrJKs6dygYOPrmbpRIvBlf7Kt1mDNm0lzDIuuU+ghluQsisqpQ7peDm7gA==",
      "license": "OFL-1.1",
      "funding": {
        "url": "https://github.com/sponsors/ayuhito"
      }
    },
    "node_modules/@fontsource/special-elite": {
      "version": "5.3.0",
      "resolved": "https://registry.npmjs.org/@fontsource/special-elite/-/special-elite-5.3.0.tgz",
      "integrity": "sha512-fOQ9XU8m4KnqzcLibAXCxTsKzbxePNDjPqVss5GSMcPVCY1TuCv+Wq8gm1ebqIR6XS1rhMbQ7ECP9ocKVEEpTA==",
      "license": "Apache-2.0",
      "funding": {
        "url": "https://github.com/sponsors/ayuhito"
      }
    },
    "node_modules/@fontsource/tiro-devanagari-hindi": {
      "version": "5.3.0",
      "resolved": "https://registry.npmjs.org/@fontsource/tiro-devanagari-hindi/-/tiro-devanagari-hindi-5.3.0.tgz",
      "integrity": "sha512-nlREPH/UItPmrRg2RY4O/oQNBtbwAzKyHk3ZexW1b75p8YrjmhdiPWOg9rm6dyM5v8FnIR392BG3Fdhu3+wTkg==",
      "license": "OFL-1.1",
      "funding": {
        "url": "https://github.com/sponsors/ayuhito"
      }
    },
    "node_modules/@fontsource/varela-round": {
      "version": "5.3.0",
      "resolved": "https://registry.npmjs.org/@fontsource/varela-round/-/varela-round-5.3.0.tgz",
      "integrity": "sha512-g+A+D+L4jFceYaD7NsejZNLDejU4sKdhqsKo6BqLO5X+YriSmPJtUe9RnP2o5kGo1/nSnrGUHvVL8N3t8Djatw==",
      "license": "OFL-1.1",
      "funding": {
        "url": "https://github.com/sponsors/ayuhito"
      }
    },
    "node_modules/@fontsource/yatra-one": {
      "version": "5.3.0",
      "resolved": "https://registry.npmjs.org/@fontsource/yatra-one/-/yatra-one-5.3.0.tgz",
      "integrity": "sha512-4lCIB+rkftIhBDklcZUgYFtzqNVIcAb+hdMGb6eDHtCH26cg2KU9lPWpZZScCaDlEfBpBxcElfVW4Plxx+R1MA==",
      "license": "OFL-1.1",
      "funding": {
        "url": "https://github.com/sponsors/ayuhito"
      }
    },
    "node_modules/@fontsource/zilla-slab": {
      "version": "5.3.0",
      "resolved": "https://registry.npmjs.org/@fontsource/zilla-slab/-/zilla-slab-5.3.0.tgz",
      "integrity": "sha512-xbdDx5OESJDQqp3GIp4pjBgI+qpcg4AxnHLN15ekfJbG+ZYaOXg3uBjDpYlkuPQpey91afxHBNaqZgzluJ2FWA==",
      "license": "OFL-1.1",
      "funding": {
        "url": "https://github.com/sponsors/ayuhito"
      }
    },
    "node_modules/@playwright/test": {
      "version": "1.56.1",
      "resolved": "https://registry.npmjs.org/@playwright/test/-/test-1.56.1.tgz",
      "integrity": "sha512-vSMYtL/zOcFpvJCW71Q/OEGQb7KYBPAdKh35WNSkaZA75JlAO8ED8UN6GUNTm3drWomcbcqRPFqQbLae8yBTdg==",
      "dev": true,
      "license": "Apache-2.0",
      "dependencies": {
        "playwright": "1.56.1"
      },
      "bin": {
        "playwright": "cli.js"
      },
      "engines": {
        "node": ">=18"
      }
    },
    "node_modules/fsevents": {
      "version": "2.3.2",
      "resolved": "https://registry.npmjs.org/fsevents/-/fsevents-2.3.2.tgz",
      "integrity": "sha512-xiqMQR4xAeHTuB9uWm+fFRcIOgKBMiOBP+eXiyT7jsgVCq1bkVygt00oASowB7EdtpOHaaPgKt812P9ab+DDKA==",
      "dev": true,
      "hasInstallScript": true,
      "license": "MIT",
      "optional": true,
      "os": [
        "darwin"
      ],
      "engines": {
        "node": "^8.16.0 || ^10.6.0 || >=11.0.0"
      }
    },
    "node_modules/playwright": {
      "version": "1.56.1",
      "resolved": "https://registry.npmjs.org/playwright/-/playwright-1.56.1.tgz",
      "integrity": "sha512-aFi5B0WovBHTEvpM3DzXTUaeN6eN0qWnTkKx4NQaH4Wvcmc153PdaY2UBdSYKaGYw+UyWXSVyxDUg5DoPEttjw==",
      "dev": true,
      "license": "Apache-2.0",
      "dependencies": {
        "playwright-core": "1.56.1"
      },
      "bin": {
        "playwright": "cli.js"
      },
      "engines": {
        "node": ">=18"
      },
      "optionalDependencies": {
        "fsevents": "2.3.2"
      }
    },
    "node_modules/playwright-core": {
      "version": "1.56.1",
      "resolved": "https://registry.npmjs.org/playwright-core/-/playwright-core-1.56.1.tgz",
      "integrity": "sha512-hutraynyn31F+Bifme+Ps9Vq59hKuUCz7H1kDOcBs+2oGguKkWTU50bBWrtz34OUWmIwpBTWDxaRPXrIXkgvmQ==",
      "dev": true,
      "license": "Apache-2.0",
      "bin": {
        "playwright-core": "cli.js"
      },
      "engines": {
        "node": ">=18"
      }
    }
  }
}
